github.com/landlock-lsm/go-landlock v0.0.0-20230225094210-7a98d7db83f2 h1:kTSOM+yiVubrJQI/LJ67EGxYqrqC0C5VkfRurbFg7J4=
github.com/landlock-lsm/go-landlock v0.0.0-20230225094210-7a98d7db83f2/go.mod h1:oCxtVqzP6dNPgAQK+4okeQk9BcxjkttF8MG4DmoT6Sk=
golang.org/x/sys v0.1.0/go.mod h1:oPkhp1MJrh7nUepCBck5+mAzfO9JrbApNNgaTdGDITg=
golang.org/x/sys v0.6.0 h1:MVltZSvRTcU2ljQOhs94SXPftV6DCNnZViHeQps87pQ=
golang.org/x/sys v0.6.0/go.mod h1:oPkhp1MJrh7nUepCBck5+mAzfO9JrbApNNgaTdGDITg=
kernel.org/pub/linux/libs/security/libcap/psx v1.2.66 h1:ikIhPzfkSSAEwBOU+2DWhoF+xnGUhvlMTfQjBVhvzQY=
kernel.org/pub/linux/libs/security/libcap/psx v1.2.66/go.mod h1:+l6Ee2F59XiJ2I6WR5ObpC1utCQJZ/VLsEbQCD8RG24=
